// !$*UTF8*$!
{
	archiveVersion = 1;
	classes = {
	};
	objectVersion = 50;
	objects = {

/* Begin PBXBuildFile section */
		873C961420F9775C000B0F7C /* UIView+extension.swift in Sources */ = {isa = PBXBuildFile; fileRef = 873C961320F9775C000B0F7C /* UIView+extension.swift */; };
		873C961720F982F2000B0F7C /* Layout.swift in Sources */ = {isa = PBXBuildFile; fileRef = 873C961620F982F2000B0F7C /* Layout.swift */; };
		873C961920F99E8E000B0F7C /* HomeViewController.swift in Sources */ = {isa = PBXBuildFile; fileRef = 873C961820F99E8E000B0F7C /* HomeViewController.swift */; };
		8751D0D120F969D800382172 /* GoogleService-Info.plist in Resources */ = {isa = PBXBuildFile; fileRef = 8751D0D020F969D800382172 /* GoogleService-Info.plist */; };
		87801D8520F5FE2500AA2AAC /* AppDelegate.swift in Sources */ = {isa = PBXBuildFile; fileRef = 87801D8420F5FE2500AA2AAC /* AppDelegate.swift */; };
		87801D8720F5FE2500AA2AAC /* WelcomeViewController.swift in Sources */ = {isa = PBXBuildFile; fileRef = 87801D8620F5FE2500AA2AAC /* WelcomeViewController.swift */; };
		87801D8C20F5FE2700AA2AAC /* Assets.xcassets in Resources */ = {isa = PBXBuildFile; fileRef = 87801D8B20F5FE2700AA2AAC /* Assets.xcassets */; };
		87801D8F20F5FE2700AA2AAC /* LaunchScreen.storyboard in Resources */ = {isa = PBXBuildFile; fileRef = 87801D8D20F5FE2700AA2AAC /* LaunchScreen.storyboard */; };
		87801D9A20F5FE2700AA2AAC /* SplitterMLTests.swift in Sources */ = {isa = PBXBuildFile; fileRef = 87801D9920F5FE2700AA2AAC /* SplitterMLTests.swift */; };
		87801DA520F5FE2700AA2AAC /* SplitterMLUITests.swift in Sources */ = {isa = PBXBuildFile; fileRef = 87801DA420F5FE2700AA2AAC /* SplitterMLUITests.swift */; };
		87801DB720F6433A00AA2AAC /* Subviewable.swift in Sources */ = {isa = PBXBuildFile; fileRef = 87801DB620F6433900AA2AAC /* Subviewable.swift */; };
		8787354C2181D93F0036F382 /* Font.swift in Sources */ = {isa = PBXBuildFile; fileRef = 8787354B2181D93F0036F382 /* Font.swift */; };
		8787354F2181EE080036F382 /* UpdateProfileViewController.swift in Sources */ = {isa = PBXBuildFile; fileRef = 8787354E2181EE080036F382 /* UpdateProfileViewController.swift */; };
		878735512181EF3A0036F382 /* UpdateProfileViewModel.swift in Sources */ = {isa = PBXBuildFile; fileRef = 878735502181EF3A0036F382 /* UpdateProfileViewModel.swift */; };
		87BE8066211E30B7000B3163 /* Palette.swift in Sources */ = {isa = PBXBuildFile; fileRef = 87BE8065211E30B7000B3163 /* Palette.swift */; };
		87BE8068211E319F000B3163 /* UIColor+Extension.swift in Sources */ = {isa = PBXBuildFile; fileRef = 87BE8067211E319F000B3163 /* UIColor+Extension.swift */; };
		87BE806B211E355E000B3163 /* SignPainter HouseScript Regular.ttf in Resources */ = {isa = PBXBuildFile; fileRef = 87BE806A211E355E000B3163 /* SignPainter HouseScript Regular.ttf */; };
		87BE806E211E3678000B3163 /* Fonts.swift in Sources */ = {isa = PBXBuildFile; fileRef = 87BE806D211E3678000B3163 /* Fonts.swift */; };
		87BE8070211E3B1F000B3163 /* SF-Pro-Display-Regular.otf in Resources */ = {isa = PBXBuildFile; fileRef = 87BE806F211E3B1F000B3163 /* SF-Pro-Display-Regular.otf */; };
		87BE8077211E5A08000B3163 /* UIViewController+Extension.swift in Sources */ = {isa = PBXBuildFile; fileRef = 87BE8076211E5A08000B3163 /* UIViewController+Extension.swift */; };
		87BE807D211E628B000B3163 /* UIStackView+Extension.swift in Sources */ = {isa = PBXBuildFile; fileRef = 87BE807C211E628B000B3163 /* UIStackView+Extension.swift */; };
		87BE807F211E63B9000B3163 /* User.swift in Sources */ = {isa = PBXBuildFile; fileRef = 87BE807E211E63B9000B3163 /* User.swift */; };
		87BE8082211E68CB000B3163 /* Firebase.swift in Sources */ = {isa = PBXBuildFile; fileRef = 87BE8081211E68CB000B3163 /* Firebase.swift */; };
		87C46037211DDF4200F38B39 /* libPods-SplitterMLTests.a in Frameworks */ = {isa = PBXBuildFile; fileRef = 87C46036211DDF4200F38B39 /* libPods-SplitterMLTests.a */; };
		87C46039211DDF5100F38B39 /* libPods-SplitterMLUITests.a in Frameworks */ = {isa = PBXBuildFile; fileRef = 87C46038211DDF5100F38B39 /* libPods-SplitterMLUITests.a */; };
		87DA5E96211722B800545E53 /* AlertView.swift in Sources */ = {isa = PBXBuildFile; fileRef = 87DA5E95211722B800545E53 /* AlertView.swift */; };
		87DA5E98211722FB00545E53 /* String+Localized+Extension.swift in Sources */ = {isa = PBXBuildFile; fileRef = 87DA5E97211722FB00545E53 /* String+Localized+Extension.swift */; };
		87DA5E9B2117243A00545E53 /* Localizable.strings in Resources */ = {isa = PBXBuildFile; fileRef = 87DA5E992117243A00545E53 /* Localizable.strings */; };
		87DA5E9E2117678E00545E53 /* String+AccesID+Extension.swift in Sources */ = {isa = PBXBuildFile; fileRef = 87DA5E9D2117678E00545E53 /* String+AccesID+Extension.swift */; };
		87DA5EA021176AA200545E53 /* String+Extension.swift in Sources */ = {isa = PBXBuildFile; fileRef = 87DA5E9F21176AA200545E53 /* String+Extension.swift */; };
		87DA5EA221176B0C00545E53 /* Regex.swift in Sources */ = {isa = PBXBuildFile; fileRef = 87DA5EA121176B0C00545E53 /* Regex.swift */; };
		87DA5EA421177B9F00545E53 /* String+AccesID+Extension.swift in Sources */ = {isa = PBXBuildFile; fileRef = 87DA5E9D2117678E00545E53 /* String+AccesID+Extension.swift */; };
		87DA5EA7211788E500545E53 /* WelcomeViewModel.swift in Sources */ = {isa = PBXBuildFile; fileRef = 87DA5EA6211788E500545E53 /* WelcomeViewModel.swift */; };
		87DA5EAA21179C6800545E53 /* HomeViewModel.swift in Sources */ = {isa = PBXBuildFile; fileRef = 87DA5EA921179C6800545E53 /* HomeViewModel.swift */; };
		A054F6B980785E1D8A411DE0 /* Pods_splitterML.framework in Frameworks */ = {isa = PBXBuildFile; fileRef = 724BACBE073E7A543E1E5EE2 /* Pods_splitterML.framework */; };
/* End PBXBuildFile section */

/* Begin PBXContainerItemProxy section */
		87801D9620F5FE2700AA2AAC /* PBXContainerItemProxy */ = {
			isa = PBXContainerItemProxy;
			containerPortal = 87801D7920F5FE2500AA2AAC /* Project object */;
			proxyType = 1;
			remoteGlobalIDString = 87801D8020F5FE2500AA2AAC;
			remoteInfo = splitterML;
		};
		87801DA120F5FE2700AA2AAC /* PBXContainerItemProxy */ = {
			isa = PBXContainerItemProxy;
			containerPortal = 87801D7920F5FE2500AA2AAC /* Project object */;
			proxyType = 1;
			remoteGlobalIDString = 87801D8020F5FE2500AA2AAC;
			remoteInfo = splitterML;
		};
/* End PBXContainerItemProxy section */

/* Begin PBXFileReference section */
		29E362E64DB5E1C2CD7103E8 /* Pods-splitterMLTests.release.xcconfig */ = {isa = PBXFileReference; includeInIndex = 1; lastKnownFileType = text.xcconfig; name = "Pods-splitterMLTests.release.xcconfig"; path = "Pods/Target Support Files/Pods-splitterMLTests/Pods-splitterMLTests.release.xcconfig"; sourceTree = "<group>"; };
		362C746047A4029B74A30E97 /* libPods-SplitterMLTests.a */ = {isa = PBXFileReference; explicitFileType = archive.ar; includeInIndex = 0; path = "libPods-SplitterMLTests.a"; sourceTree = BUILT_PRODUCTS_DIR; };
		5402F425229C9AA4E1AC3BD5 /* libPods-SplitterMLUITests.a */ = {isa = PBXFileReference; explicitFileType = archive.ar; includeInIndex = 0; path = "libPods-SplitterMLUITests.a"; sourceTree = BUILT_PRODUCTS_DIR; };
		5DB1110DAA66688897000D0C /* Pods-splitterMLUITests.release.xcconfig */ = {isa = PBXFileReference; includeInIndex = 1; lastKnownFileType = text.xcconfig; name = "Pods-splitterMLUITests.release.xcconfig"; path = "Pods/Target Support Files/Pods-splitterMLUITests/Pods-splitterMLUITests.release.xcconfig"; sourceTree = "<group>"; };
		724BACBE073E7A543E1E5EE2 /* Pods_splitterML.framework */ = {isa = PBXFileReference; explicitFileType = wrapper.framework; includeInIndex = 0; path = Pods_splitterML.framework; sourceTree = BUILT_PRODUCTS_DIR; };
		7AA825D9A670F933D9A03B14 /* Pods-SplitterMLUITests.release.xcconfig */ = {isa = PBXFileReference; includeInIndex = 1; lastKnownFileType = text.xcconfig; name = "Pods-SplitterMLUITests.release.xcconfig"; path = "Pods/Target Support Files/Pods-SplitterMLUITests/Pods-SplitterMLUITests.release.xcconfig"; sourceTree = "<group>"; };
		7E1D9CF11FCEB33903E3E6DB /* Pods-SplitterMLUITests.debug.xcconfig */ = {isa = PBXFileReference; includeInIndex = 1; lastKnownFileType = text.xcconfig; name = "Pods-SplitterMLUITests.debug.xcconfig"; path = "Pods/Target Support Files/Pods-SplitterMLUITests/Pods-SplitterMLUITests.debug.xcconfig"; sourceTree = "<group>"; };
		85BF278E54AF778BAEF40602 /* Pods-SplitterMLTests.release.xcconfig */ = {isa = PBXFileReference; includeInIndex = 1; lastKnownFileType = text.xcconfig; name = "Pods-SplitterMLTests.release.xcconfig"; path = "Pods/Target Support Files/Pods-SplitterMLTests/Pods-SplitterMLTests.release.xcconfig"; sourceTree = "<group>"; };
		873C961320F9775C000B0F7C /* UIView+extension.swift */ = {isa = PBXFileReference; lastKnownFileType = sourcecode.swift; path = "UIView+extension.swift"; sourceTree = "<group>"; };
		873C961620F982F2000B0F7C /* Layout.swift */ = {isa = PBXFileReference; lastKnownFileType = sourcecode.swift; path = Layout.swift; sourceTree = "<group>"; };
		873C961820F99E8E000B0F7C /* HomeViewController.swift */ = {isa = PBXFileReference; lastKnownFileType = sourcecode.swift; path = HomeViewController.swift; sourceTree = "<group>"; };
		8751D0D020F969D800382172 /* GoogleService-Info.plist */ = {isa = PBXFileReference; fileEncoding = 4; lastKnownFileType = text.plist.xml; path = "GoogleService-Info.plist"; sourceTree = "<group>"; };
		87801D8120F5FE2500AA2AAC /* splitterML.app */ = {isa = PBXFileReference; explicitFileType = wrapper.application; includeInIndex = 0; path = splitterML.app; sourceTree = BUILT_PRODUCTS_DIR; };
		87801D8420F5FE2500AA2AAC /* AppDelegate.swift */ = {isa = PBXFileReference; lastKnownFileType = sourcecode.swift; path = AppDelegate.swift; sourceTree = "<group>"; };
		87801D8620F5FE2500AA2AAC /* WelcomeViewController.swift */ = {isa = PBXFileReference; lastKnownFileType = sourcecode.swift; path = WelcomeViewController.swift; sourceTree = "<group>"; };
		87801D8B20F5FE2700AA2AAC /* Assets.xcassets */ = {isa = PBXFileReference; lastKnownFileType = folder.assetcatalog; path = Assets.xcassets; sourceTree = "<group>"; };
		87801D8E20F5FE2700AA2AAC /* Base */ = {isa = PBXFileReference; lastKnownFileType = file.storyboard; name = Base; path = Base.lproj/LaunchScreen.storyboard; sourceTree = "<group>"; };
		87801D9020F5FE2700AA2AAC /* Info.plist */ = {isa = PBXFileReference; lastKnownFileType = text.plist.xml; path = Info.plist; sourceTree = "<group>"; };
		87801D9520F5FE2700AA2AAC /* SplitterMLTests.xctest */ = {isa = PBXFileReference; explicitFileType = wrapper.cfbundle; includeInIndex = 0; path = SplitterMLTests.xctest; sourceTree = BUILT_PRODUCTS_DIR; };
		87801D9920F5FE2700AA2AAC /* SplitterMLTests.swift */ = {isa = PBXFileReference; lastKnownFileType = sourcecode.swift; path = SplitterMLTests.swift; sourceTree = "<group>"; };
		87801D9B20F5FE2700AA2AAC /* Info.plist */ = {isa = PBXFileReference; lastKnownFileType = text.plist.xml; path = Info.plist; sourceTree = "<group>"; };
		87801DA020F5FE2700AA2AAC /* SplitterMLUITests.xctest */ = {isa = PBXFileReference; explicitFileType = wrapper.cfbundle; includeInIndex = 0; path = SplitterMLUITests.xctest; sourceTree = BUILT_PRODUCTS_DIR; };
		87801DA420F5FE2700AA2AAC /* SplitterMLUITests.swift */ = {isa = PBXFileReference; lastKnownFileType = sourcecode.swift; path = SplitterMLUITests.swift; sourceTree = "<group>"; };
		87801DA620F5FE2700AA2AAC /* Info.plist */ = {isa = PBXFileReference; lastKnownFileType = text.plist.xml; path = Info.plist; sourceTree = "<group>"; };
		87801DB620F6433900AA2AAC /* Subviewable.swift */ = {isa = PBXFileReference; lastKnownFileType = sourcecode.swift; path = Subviewable.swift; sourceTree = "<group>"; };
		8787354B2181D93F0036F382 /* Font.swift */ = {isa = PBXFileReference; lastKnownFileType = sourcecode.swift; path = Font.swift; sourceTree = "<group>"; };
		8787354E2181EE080036F382 /* UpdateProfileViewController.swift */ = {isa = PBXFileReference; lastKnownFileType = sourcecode.swift; path = UpdateProfileViewController.swift; sourceTree = "<group>"; };
		878735502181EF3A0036F382 /* UpdateProfileViewModel.swift */ = {isa = PBXFileReference; lastKnownFileType = sourcecode.swift; path = UpdateProfileViewModel.swift; sourceTree = "<group>"; };
		87BE8065211E30B7000B3163 /* Palette.swift */ = {isa = PBXFileReference; lastKnownFileType = sourcecode.swift; path = Palette.swift; sourceTree = "<group>"; };
		87BE8067211E319F000B3163 /* UIColor+Extension.swift */ = {isa = PBXFileReference; lastKnownFileType = sourcecode.swift; path = "UIColor+Extension.swift"; sourceTree = "<group>"; };
		87BE806A211E355E000B3163 /* SignPainter HouseScript Regular.ttf */ = {isa = PBXFileReference; lastKnownFileType = file; path = "SignPainter HouseScript Regular.ttf"; sourceTree = "<group>"; };
		87BE806D211E3678000B3163 /* Fonts.swift */ = {isa = PBXFileReference; lastKnownFileType = sourcecode.swift; path = Fonts.swift; sourceTree = "<group>"; };
		87BE806F211E3B1F000B3163 /* SF-Pro-Display-Regular.otf */ = {isa = PBXFileReference; lastKnownFileType = file; path = "SF-Pro-Display-Regular.otf"; sourceTree = "<group>"; };
		87BE8076211E5A08000B3163 /* UIViewController+Extension.swift */ = {isa = PBXFileReference; lastKnownFileType = sourcecode.swift; path = "UIViewController+Extension.swift"; sourceTree = "<group>"; };
		87BE807C211E628B000B3163 /* UIStackView+Extension.swift */ = {isa = PBXFileReference; lastKnownFileType = sourcecode.swift; path = "UIStackView+Extension.swift"; sourceTree = "<group>"; };
		87BE807E211E63B9000B3163 /* User.swift */ = {isa = PBXFileReference; lastKnownFileType = sourcecode.swift; path = User.swift; sourceTree = "<group>"; };
		87BE8081211E68CB000B3163 /* Firebase.swift */ = {isa = PBXFileReference; lastKnownFileType = sourcecode.swift; path = Firebase.swift; sourceTree = "<group>"; };
		87C46034211DDF3600F38B39 /* libPods-SplitterMLTests.a */ = {isa = PBXFileReference; explicitFileType = archive.ar; path = "libPods-SplitterMLTests.a"; sourceTree = BUILT_PRODUCTS_DIR; };
		87C46036211DDF4200F38B39 /* libPods-SplitterMLTests.a */ = {isa = PBXFileReference; explicitFileType = archive.ar; path = "libPods-SplitterMLTests.a"; sourceTree = BUILT_PRODUCTS_DIR; };
		87C46038211DDF5100F38B39 /* libPods-SplitterMLUITests.a */ = {isa = PBXFileReference; explicitFileType = archive.ar; path = "libPods-SplitterMLUITests.a"; sourceTree = BUILT_PRODUCTS_DIR; };
		87DA5E95211722B800545E53 /* AlertView.swift */ = {isa = PBXFileReference; lastKnownFileType = sourcecode.swift; path = AlertView.swift; sourceTree = "<group>"; };
		87DA5E97211722FB00545E53 /* String+Localized+Extension.swift */ = {isa = PBXFileReference; lastKnownFileType = sourcecode.swift; path = "String+Localized+Extension.swift"; sourceTree = "<group>"; };
		87DA5E9A2117243A00545E53 /* Base */ = {isa = PBXFileReference; lastKnownFileType = text.plist.strings; name = Base; path = Base.lproj/Localizable.strings; sourceTree = "<group>"; };
		87DA5E9C2117245200545E53 /* en */ = {isa = PBXFileReference; lastKnownFileType = text.plist.strings; name = en; path = en.lproj/Localizable.strings; sourceTree = "<group>"; };
		87DA5E9D2117678E00545E53 /* String+AccesID+Extension.swift */ = {isa = PBXFileReference; lastKnownFileType = sourcecode.swift; path = "String+AccesID+Extension.swift"; sourceTree = "<group>"; };
		87DA5E9F21176AA200545E53 /* String+Extension.swift */ = {isa = PBXFileReference; lastKnownFileType = sourcecode.swift; path = "String+Extension.swift"; sourceTree = "<group>"; };
		87DA5EA121176B0C00545E53 /* Regex.swift */ = {isa = PBXFileReference; lastKnownFileType = sourcecode.swift; path = Regex.swift; sourceTree = "<group>"; };
		87DA5EA6211788E500545E53 /* WelcomeViewModel.swift */ = {isa = PBXFileReference; lastKnownFileType = sourcecode.swift; path = WelcomeViewModel.swift; sourceTree = "<group>"; };
		87DA5EA921179C6800545E53 /* HomeViewModel.swift */ = {isa = PBXFileReference; lastKnownFileType = sourcecode.swift; path = HomeViewModel.swift; sourceTree = "<group>"; };
		92C3EB8226CD3927A48D9F98 /* Pods-splitterMLUITests.debug.xcconfig */ = {isa = PBXFileReference; includeInIndex = 1; lastKnownFileType = text.xcconfig; name = "Pods-splitterMLUITests.debug.xcconfig"; path = "Pods/Target Support Files/Pods-splitterMLUITests/Pods-splitterMLUITests.debug.xcconfig"; sourceTree = "<group>"; };
		ABFFD50FA89AA19757277955 /* libPods-splitterMLUITests.a */ = {isa = PBXFileReference; explicitFileType = archive.ar; includeInIndex = 0; path = "libPods-splitterMLUITests.a"; sourceTree = BUILT_PRODUCTS_DIR; };
		BC8891020068975D547F981E /* Pods-splitterMLTests.debug.xcconfig */ = {isa = PBXFileReference; includeInIndex = 1; lastKnownFileType = text.xcconfig; name = "Pods-splitterMLTests.debug.xcconfig"; path = "Pods/Target Support Files/Pods-splitterMLTests/Pods-splitterMLTests.debug.xcconfig"; sourceTree = "<group>"; };
		DEFD02737A60DA297CAD1082 /* Pods-splitterML.debug.xcconfig */ = {isa = PBXFileReference; includeInIndex = 1; lastKnownFileType = text.xcconfig; name = "Pods-splitterML.debug.xcconfig"; path = "Pods/Target Support Files/Pods-splitterML/Pods-splitterML.debug.xcconfig"; sourceTree = "<group>"; };
		E95397071A4615B5FCE2B07F /* libPods-splitterMLTests.a */ = {isa = PBXFileReference; explicitFileType = archive.ar; includeInIndex = 0; path = "libPods-splitterMLTests.a"; sourceTree = BUILT_PRODUCTS_DIR; };
		ED44ECA4574CF9D794B52B9E /* Pods-splitterML.release.xcconfig */ = {isa = PBXFileReference; includeInIndex = 1; lastKnownFileType = text.xcconfig; name = "Pods-splitterML.release.xcconfig"; path = "Pods/Target Support Files/Pods-splitterML/Pods-splitterML.release.xcconfig"; sourceTree = "<group>"; };
		FB1EF98B63951A6381C68B1B /* Pods-SplitterMLTests.debug.xcconfig */ = {isa = PBXFileReference; includeInIndex = 1; lastKnownFileType = text.xcconfig; name = "Pods-SplitterMLTests.debug.xcconfig"; path = "Pods/Target Support Files/Pods-SplitterMLTests/Pods-SplitterMLTests.debug.xcconfig"; sourceTree = "<group>"; };
/* End PBXFileReference section */

/* Begin PBXFrameworksBuildPhase section */
		87801D7E20F5FE2500AA2AAC /* Frameworks */ = {
			isa = PBXFrameworksBuildPhase;
			buildActionMask = 2147483647;
			files = (
				A054F6B980785E1D8A411DE0 /* Pods_splitterML.framework in Frameworks */,
			);
			runOnlyForDeploymentPostprocessing = 0;
		};
		87801D9220F5FE2700AA2AAC /* Frameworks */ = {
			isa = PBXFrameworksBuildPhase;
			buildActionMask = 2147483647;
			files = (
				87C46037211DDF4200F38B39 /* libPods-SplitterMLTests.a in Frameworks */,
			);
			runOnlyForDeploymentPostprocessing = 0;
		};
		87801D9D20F5FE2700AA2AAC /* Frameworks */ = {
			isa = PBXFrameworksBuildPhase;
			buildActionMask = 2147483647;
			files = (
				87C46039211DDF5100F38B39 /* libPods-SplitterMLUITests.a in Frameworks */,
			);
			runOnlyForDeploymentPostprocessing = 0;
		};
/* End PBXFrameworksBuildPhase section */

/* Begin PBXGroup section */
		49EBF9767044F31F93B60656 /* Pods */ = {
			isa = PBXGroup;
			children = (
				DEFD02737A60DA297CAD1082 /* Pods-splitterML.debug.xcconfig */,
				ED44ECA4574CF9D794B52B9E /* Pods-splitterML.release.xcconfig */,
				BC8891020068975D547F981E /* Pods-splitterMLTests.debug.xcconfig */,
				29E362E64DB5E1C2CD7103E8 /* Pods-splitterMLTests.release.xcconfig */,
				92C3EB8226CD3927A48D9F98 /* Pods-splitterMLUITests.debug.xcconfig */,
				5DB1110DAA66688897000D0C /* Pods-splitterMLUITests.release.xcconfig */,
				FB1EF98B63951A6381C68B1B /* Pods-SplitterMLTests.debug.xcconfig */,
				85BF278E54AF778BAEF40602 /* Pods-SplitterMLTests.release.xcconfig */,
				7E1D9CF11FCEB33903E3E6DB /* Pods-SplitterMLUITests.debug.xcconfig */,
				7AA825D9A670F933D9A03B14 /* Pods-SplitterMLUITests.release.xcconfig */,
			);
			name = Pods;
			sourceTree = "<group>";
		};
		873C961220F9773E000B0F7C /* Extensions */ = {
			isa = PBXGroup;
			children = (
				873C961320F9775C000B0F7C /* UIView+extension.swift */,
				87DA5E97211722FB00545E53 /* String+Localized+Extension.swift */,
				87DA5E9D2117678E00545E53 /* String+AccesID+Extension.swift */,
				87DA5E9F21176AA200545E53 /* String+Extension.swift */,
				87BE8067211E319F000B3163 /* UIColor+Extension.swift */,
				87BE8076211E5A08000B3163 /* UIViewController+Extension.swift */,
				87BE807C211E628B000B3163 /* UIStackView+Extension.swift */,
			);
			path = Extensions;
			sourceTree = "<group>";
		};
		873C961520F982D9000B0F7C /* Constants */ = {
			isa = PBXGroup;
			children = (
				873C961620F982F2000B0F7C /* Layout.swift */,
				87DA5EA121176B0C00545E53 /* Regex.swift */,
				8787354B2181D93F0036F382 /* Font.swift */,
				87BE8065211E30B7000B3163 /* Palette.swift */,
				87BE806D211E3678000B3163 /* Fonts.swift */,
			);
			path = Constants;
			sourceTree = "<group>";
		};
		87801D7820F5FE2500AA2AAC = {
			isa = PBXGroup;
			children = (
				87801D8320F5FE2500AA2AAC /* splitterML */,
				87801D9820F5FE2700AA2AAC /* splitterMLTests */,
				87801DA320F5FE2700AA2AAC /* splitterMLUITests */,
				87801D8220F5FE2500AA2AAC /* Products */,
				49EBF9767044F31F93B60656 /* Pods */,
				EB12D6072CC8C78DE1521A85 /* Frameworks */,
			);
			sourceTree = "<group>";
		};
		87801D8220F5FE2500AA2AAC /* Products */ = {
			isa = PBXGroup;
			children = (
				87801D8120F5FE2500AA2AAC /* splitterML.app */,
				87801D9520F5FE2700AA2AAC /* SplitterMLTests.xctest */,
				87801DA020F5FE2700AA2AAC /* SplitterMLUITests.xctest */,
			);
			name = Products;
			sourceTree = "<group>";
		};
		87801D8320F5FE2500AA2AAC /* splitterML */ = {
			isa = PBXGroup;
			children = (
				8751D0D020F969D800382172 /* GoogleService-Info.plist */,
				87801DB420F642DA00AA2AAC /* Common */,
				87801DB320F642C500AA2AAC /* ViewControllers */,
				87801DB220F642B500AA2AAC /* SupportingFiles */,
			);
			path = splitterML;
			sourceTree = "<group>";
		};
		87801D9820F5FE2700AA2AAC /* splitterMLTests */ = {
			isa = PBXGroup;
			children = (
				87801D9920F5FE2700AA2AAC /* SplitterMLTests.swift */,
				87801D9B20F5FE2700AA2AAC /* Info.plist */,
			);
			path = splitterMLTests;
			sourceTree = "<group>";
		};
		87801DA320F5FE2700AA2AAC /* splitterMLUITests */ = {
			isa = PBXGroup;
			children = (
				87801DA420F5FE2700AA2AAC /* SplitterMLUITests.swift */,
				87801DA620F5FE2700AA2AAC /* Info.plist */,
			);
			path = splitterMLUITests;
			sourceTree = "<group>";
		};
		87801DB220F642B500AA2AAC /* SupportingFiles */ = {
			isa = PBXGroup;
			children = (
				87BE8069211E3548000B3163 /* Fonts */,
				87801D8420F5FE2500AA2AAC /* AppDelegate.swift */,
				87801D8B20F5FE2700AA2AAC /* Assets.xcassets */,
				87801D8D20F5FE2700AA2AAC /* LaunchScreen.storyboard */,
				87801D9020F5FE2700AA2AAC /* Info.plist */,
				87DA5E992117243A00545E53 /* Localizable.strings */,
			);
			path = SupportingFiles;
			sourceTree = "<group>";
		};
		87801DB320F642C500AA2AAC /* ViewControllers */ = {
			isa = PBXGroup;
			children = (
				87DA5EA5211788C500545E53 /* Welcome */,
				8787354D2181EDE60036F382 /* UpdateProfile */,
				87DA5EA821179C0300545E53 /* Home */,
			);
			name = ViewControllers;
			sourceTree = "<group>";
		};
		87801DB420F642DA00AA2AAC /* Common */ = {
			isa = PBXGroup;
			children = (
				87DA5E94211722A800545E53 /* Views */,
				873C961520F982D9000B0F7C /* Constants */,
				873C961220F9773E000B0F7C /* Extensions */,
				87801DB520F642E200AA2AAC /* Protocols */,
				87BE8080211E63BF000B3163 /* Models */,
			);
			path = Common;
			sourceTree = "<group>";
		};
		87801DB520F642E200AA2AAC /* Protocols */ = {
			isa = PBXGroup;
			children = (
				87801DB620F6433900AA2AAC /* Subviewable.swift */,
			);
			path = Protocols;
			sourceTree = "<group>";
		};
		8787354D2181EDE60036F382 /* UpdateProfile */ = {
			isa = PBXGroup;
			children = (
				8787354E2181EE080036F382 /* UpdateProfileViewController.swift */,
				878735502181EF3A0036F382 /* UpdateProfileViewModel.swift */,
			);
			name = UpdateProfile;
		87BE8069211E3548000B3163 /* Fonts */ = {
			isa = PBXGroup;
			children = (
				87BE806F211E3B1F000B3163 /* SF-Pro-Display-Regular.otf */,
				87BE806A211E355E000B3163 /* SignPainter HouseScript Regular.ttf */,
			);
			path = Fonts;
			sourceTree = "<group>";
		};
		87BE8080211E63BF000B3163 /* Models */ = {
			isa = PBXGroup;
			children = (
				87BE807E211E63B9000B3163 /* User.swift */,
				87BE8081211E68CB000B3163 /* Firebase.swift */,
			);
			path = Models;
			sourceTree = "<group>";
		};
		87DA5E94211722A800545E53 /* Views */ = {
			isa = PBXGroup;
			children = (
				87DA5E95211722B800545E53 /* AlertView.swift */,
			);
			path = Views;
			sourceTree = "<group>";
		};
		87DA5EA5211788C500545E53 /* Welcome */ = {
			isa = PBXGroup;
			children = (
				87801D8620F5FE2500AA2AAC /* WelcomeViewController.swift */,
				87DA5EA6211788E500545E53 /* WelcomeViewModel.swift */,
			);
			name = Welcome;
			sourceTree = "<group>";
		};
		87DA5EA821179C0300545E53 /* Home */ = {
			isa = PBXGroup;
			children = (
				873C961820F99E8E000B0F7C /* HomeViewController.swift */,
				87DA5EA921179C6800545E53 /* HomeViewModel.swift */,
			);
			name = Home;
			sourceTree = "<group>";
		};
		EB12D6072CC8C78DE1521A85 /* Frameworks */ = {
			isa = PBXGroup;
			children = (
				87C46038211DDF5100F38B39 /* libPods-SplitterMLUITests.a */,
				87C46036211DDF4200F38B39 /* libPods-SplitterMLTests.a */,
				87C46034211DDF3600F38B39 /* libPods-SplitterMLTests.a */,
				724BACBE073E7A543E1E5EE2 /* Pods_splitterML.framework */,
				E95397071A4615B5FCE2B07F /* libPods-splitterMLTests.a */,
				ABFFD50FA89AA19757277955 /* libPods-splitterMLUITests.a */,
				362C746047A4029B74A30E97 /* libPods-SplitterMLTests.a */,
				5402F425229C9AA4E1AC3BD5 /* libPods-SplitterMLUITests.a */,
			);
			name = Frameworks;
			sourceTree = "<group>";
		};
/* End PBXGroup section */

/* Begin PBXNativeTarget section */
		87801D8020F5FE2500AA2AAC /* splitterML */ = {
			isa = PBXNativeTarget;
			buildConfigurationList = 87801DA920F5FE2700AA2AAC /* Build configuration list for PBXNativeTarget "splitterML" */;
			buildPhases = (
				8813D28BB87A1774255F2631 /* [CP] Check Pods Manifest.lock */,
				87801D7D20F5FE2500AA2AAC /* Sources */,
				87801D7E20F5FE2500AA2AAC /* Frameworks */,
				87801D7F20F5FE2500AA2AAC /* Resources */,
				5949F8C4926ED4CE9B550072 /* [CP] Embed Pods Frameworks */,
				2C18E80F4AE983A99257F5EB /* [CP] Copy Pods Resources */,
				87C4602D211DC1B200F38B39 /* ShellScript */,
			);
			buildRules = (
			);
			dependencies = (
			);
			name = splitterML;
			productName = splitterML;
			productReference = 87801D8120F5FE2500AA2AAC /* splitterML.app */;
			productType = "com.apple.product-type.application";
		};
		87801D9420F5FE2700AA2AAC /* SplitterMLTests */ = {
			isa = PBXNativeTarget;
			buildConfigurationList = 87801DAC20F5FE2700AA2AAC /* Build configuration list for PBXNativeTarget "SplitterMLTests" */;
			buildPhases = (
				FC558CD4627E3E9D7CBD0B52 /* [CP] Check Pods Manifest.lock */,
				87801D9120F5FE2700AA2AAC /* Sources */,
				87801D9220F5FE2700AA2AAC /* Frameworks */,
				87801D9320F5FE2700AA2AAC /* Resources */,
			);
			buildRules = (
			);
			dependencies = (
				87801D9720F5FE2700AA2AAC /* PBXTargetDependency */,
			);
			name = SplitterMLTests;
			productName = splitterMLTests;
			productReference = 87801D9520F5FE2700AA2AAC /* SplitterMLTests.xctest */;
			productType = "com.apple.product-type.bundle.unit-test";
		};
		87801D9F20F5FE2700AA2AAC /* SplitterMLUITests */ = {
			isa = PBXNativeTarget;
			buildConfigurationList = 87801DAF20F5FE2700AA2AAC /* Build configuration list for PBXNativeTarget "SplitterMLUITests" */;
			buildPhases = (
				AE7F624791103A5AC03B4F7E /* [CP] Check Pods Manifest.lock */,
				87801D9C20F5FE2700AA2AAC /* Sources */,
				87801D9D20F5FE2700AA2AAC /* Frameworks */,
				87801D9E20F5FE2700AA2AAC /* Resources */,
			);
			buildRules = (
			);
			dependencies = (
				87801DA220F5FE2700AA2AAC /* PBXTargetDependency */,
			);
			name = SplitterMLUITests;
			productName = splitterMLUITests;
			productReference = 87801DA020F5FE2700AA2AAC /* SplitterMLUITests.xctest */;
			productType = "com.apple.product-type.bundle.ui-testing";
		};
/* End PBXNativeTarget section */

/* Begin PBXProject section */
		87801D7920F5FE2500AA2AAC /* Project object */ = {
			isa = PBXProject;
			attributes = {
				LastSwiftUpdateCheck = 0940;
				LastUpgradeCheck = 0940;
				ORGANIZATIONNAME = "Wayne Rumble";
				TargetAttributes = {
					87801D8020F5FE2500AA2AAC = {
						CreatedOnToolsVersion = 9.4.1;
					};
					87801D9420F5FE2700AA2AAC = {
						CreatedOnToolsVersion = 9.4.1;
						TestTargetID = 87801D8020F5FE2500AA2AAC;
					};
					87801D9F20F5FE2700AA2AAC = {
						CreatedOnToolsVersion = 9.4.1;
						TestTargetID = 87801D8020F5FE2500AA2AAC;
					};
				};
			};
			buildConfigurationList = 87801D7C20F5FE2500AA2AAC /* Build configuration list for PBXProject "splitterML" */;
			compatibilityVersion = "Xcode 9.3";
			developmentRegion = en;
			hasScannedForEncodings = 0;
			knownRegions = (
				en,
				Base,
			);
			mainGroup = 87801D7820F5FE2500AA2AAC;
			productRefGroup = 87801D8220F5FE2500AA2AAC /* Products */;
			projectDirPath = "";
			projectRoot = "";
			targets = (
				87801D8020F5FE2500AA2AAC /* splitterML */,
				87801D9420F5FE2700AA2AAC /* SplitterMLTests */,
				87801D9F20F5FE2700AA2AAC /* SplitterMLUITests */,
			);
		};
/* End PBXProject section */

/* Begin PBXResourcesBuildPhase section */
		87801D7F20F5FE2500AA2AAC /* Resources */ = {
			isa = PBXResourcesBuildPhase;
			buildActionMask = 2147483647;
			files = (
				87801D8F20F5FE2700AA2AAC /* LaunchScreen.storyboard in Resources */,
				87BE806B211E355E000B3163 /* SignPainter HouseScript Regular.ttf in Resources */,
				87DA5E9B2117243A00545E53 /* Localizable.strings in Resources */,
				87801D8C20F5FE2700AA2AAC /* Assets.xcassets in Resources */,
				87BE8070211E3B1F000B3163 /* SF-Pro-Display-Regular.otf in Resources */,
				8751D0D120F969D800382172 /* GoogleService-Info.plist in Resources */,
			);
			runOnlyForDeploymentPostprocessing = 0;
		};
		87801D9320F5FE2700AA2AAC /* Resources */ = {
			isa = PBXResourcesBuildPhase;
			buildActionMask = 2147483647;
			files = (
			);
			runOnlyForDeploymentPostprocessing = 0;
		};
		87801D9E20F5FE2700AA2AAC /* Resources */ = {
			isa = PBXResourcesBuildPhase;
			buildActionMask = 2147483647;
			files = (
			);
			runOnlyForDeploymentPostprocessing = 0;
		};
/* End PBXResourcesBuildPhase section */

/* Begin PBXShellScriptBuildPhase section */
		2C18E80F4AE983A99257F5EB /* [CP] Copy Pods Resources */ = {
			isa = PBXShellScriptBuildPhase;
			buildActionMask = 2147483647;
			files = (
			);
			inputPaths = (
				"${SRCROOT}/Pods/Target Support Files/Pods-splitterML/Pods-splitterML-resources.sh",
				"${PODS_ROOT}/GoogleSignIn/Resources/GoogleSignIn.bundle",
			);
			name = "[CP] Copy Pods Resources";
			outputPaths = (
				"${TARGET_BUILD_DIR}/${UNLOCALIZED_RESOURCES_FOLDER_PATH}/GoogleSignIn.bundle",
			);
			runOnlyForDeploymentPostprocessing = 0;
			shellPath = /bin/sh;
			shellScript = "\"${SRCROOT}/Pods/Target Support Files/Pods-splitterML/Pods-splitterML-resources.sh\"\n";
			showEnvVarsInLog = 0;
		};
		5949F8C4926ED4CE9B550072 /* [CP] Embed Pods Frameworks */ = {
			isa = PBXShellScriptBuildPhase;
			buildActionMask = 2147483647;
			files = (
			);
			inputPaths = (
				"${SRCROOT}/Pods/Target Support Files/Pods-splitterML/Pods-splitterML-frameworks.sh",
				"${BUILT_PRODUCTS_DIR}/Bolts/Bolts.framework",
				"${BUILT_PRODUCTS_DIR}/FBSDKCoreKit/FBSDKCoreKit.framework",
				"${BUILT_PRODUCTS_DIR}/FBSDKLoginKit/FBSDKLoginKit.framework",
				"${BUILT_PRODUCTS_DIR}/GTMOAuth2/GTMOAuth2.framework",
				"${BUILT_PRODUCTS_DIR}/GTMSessionFetcher/GTMSessionFetcher.framework",
				"${BUILT_PRODUCTS_DIR}/GoogleToolboxForMac-f0850809/GoogleToolboxForMac.framework",
				"${BUILT_PRODUCTS_DIR}/leveldb-library/leveldb.framework",
				"${BUILT_PRODUCTS_DIR}/nanopb-framework/nanopb.framework",
			);
			name = "[CP] Embed Pods Frameworks";
			outputPaths = (
				"${TARGET_BUILD_DIR}/${FRAMEWORKS_FOLDER_PATH}/Bolts.framework",
				"${TARGET_BUILD_DIR}/${FRAMEWORKS_FOLDER_PATH}/FBSDKCoreKit.framework",
				"${TARGET_BUILD_DIR}/${FRAMEWORKS_FOLDER_PATH}/FBSDKLoginKit.framework",
				"${TARGET_BUILD_DIR}/${FRAMEWORKS_FOLDER_PATH}/GTMOAuth2.framework",
				"${TARGET_BUILD_DIR}/${FRAMEWORKS_FOLDER_PATH}/GTMSessionFetcher.framework",
				"${TARGET_BUILD_DIR}/${FRAMEWORKS_FOLDER_PATH}/GoogleToolboxForMac.framework",
				"${TARGET_BUILD_DIR}/${FRAMEWORKS_FOLDER_PATH}/leveldb.framework",
				"${TARGET_BUILD_DIR}/${FRAMEWORKS_FOLDER_PATH}/nanopb.framework",
			);
			runOnlyForDeploymentPostprocessing = 0;
			shellPath = /bin/sh;
			shellScript = "\"${SRCROOT}/Pods/Target Support Files/Pods-splitterML/Pods-splitterML-frameworks.sh\"\n";
			showEnvVarsInLog = 0;
		};
		87C4602D211DC1B200F38B39 /* ShellScript */ = {
			isa = PBXShellScriptBuildPhase;
			buildActionMask = 2147483647;
			files = (
			);
			inputPaths = (
			);
			outputPaths = (
			);
			runOnlyForDeploymentPostprocessing = 0;
			shellPath = /bin/sh;
			shellScript = "if which swiftlint >/dev/null; then\n    swiftlint\nelse\n    echo \"warning: SwiftLint not installed, download from https://github.com/realm/SwiftLint\"\nfi";
		};
		8813D28BB87A1774255F2631 /* [CP] Check Pods Manifest.lock */ = {
			isa = PBXShellScriptBuildPhase;
			buildActionMask = 2147483647;
			files = (
			);
			inputPaths = (
				"${PODS_PODFILE_DIR_PATH}/Podfile.lock",
				"${PODS_ROOT}/Manifest.lock",
			);
			name = "[CP] Check Pods Manifest.lock";
			outputPaths = (
				"$(DERIVED_FILE_DIR)/Pods-splitterML-checkManifestLockResult.txt",
			);
			runOnlyForDeploymentPostprocessing = 0;
			shellPath = /bin/sh;
			shellScript = "diff \"${PODS_PODFILE_DIR_PATH}/Podfile.lock\" \"${PODS_ROOT}/Manifest.lock\" > /dev/null\nif [ $? != 0 ] ; then\n    # print error to STDERR\n    echo \"error: The sandbox is not in sync with the Podfile.lock. Run 'pod install' or update your CocoaPods installation.\" >&2\n    exit 1\nfi\n# This output is used by Xcode 'outputs' to avoid re-running this script phase.\necho \"SUCCESS\" > \"${SCRIPT_OUTPUT_FILE_0}\"\n";
			showEnvVarsInLog = 0;
		};
		AE7F624791103A5AC03B4F7E /* [CP] Check Pods Manifest.lock */ = {
			isa = PBXShellScriptBuildPhase;
			buildActionMask = 2147483647;
			files = (
			);
			inputPaths = (
				"${PODS_PODFILE_DIR_PATH}/Podfile.lock",
				"${PODS_ROOT}/Manifest.lock",
			);
			name = "[CP] Check Pods Manifest.lock";
			outputPaths = (
				"$(DERIVED_FILE_DIR)/Pods-SplitterMLUITests-checkManifestLockResult.txt",
			);
			runOnlyForDeploymentPostprocessing = 0;
			shellPath = /bin/sh;
			shellScript = "diff \"${PODS_PODFILE_DIR_PATH}/Podfile.lock\" \"${PODS_ROOT}/Manifest.lock\" > /dev/null\nif [ $? != 0 ] ; then\n    # print error to STDERR\n    echo \"error: The sandbox is not in sync with the Podfile.lock. Run 'pod install' or update your CocoaPods installation.\" >&2\n    exit 1\nfi\n# This output is used by Xcode 'outputs' to avoid re-running this script phase.\necho \"SUCCESS\" > \"${SCRIPT_OUTPUT_FILE_0}\"\n";
			showEnvVarsInLog = 0;
		};
		FC558CD4627E3E9D7CBD0B52 /* [CP] Check Pods Manifest.lock */ = {
			isa = PBXShellScriptBuildPhase;
			buildActionMask = 2147483647;
			files = (
			);
			inputPaths = (
				"${PODS_PODFILE_DIR_PATH}/Podfile.lock",
				"${PODS_ROOT}/Manifest.lock",
			);
			name = "[CP] Check Pods Manifest.lock";
			outputPaths = (
				"$(DERIVED_FILE_DIR)/Pods-SplitterMLTests-checkManifestLockResult.txt",
			);
			runOnlyForDeploymentPostprocessing = 0;
			shellPath = /bin/sh;
			shellScript = "diff \"${PODS_PODFILE_DIR_PATH}/Podfile.lock\" \"${PODS_ROOT}/Manifest.lock\" > /dev/null\nif [ $? != 0 ] ; then\n    # print error to STDERR\n    echo \"error: The sandbox is not in sync with the Podfile.lock. Run 'pod install' or update your CocoaPods installation.\" >&2\n    exit 1\nfi\n# This output is used by Xcode 'outputs' to avoid re-running this script phase.\necho \"SUCCESS\" > \"${SCRIPT_OUTPUT_FILE_0}\"\n";
			showEnvVarsInLog = 0;
		};
/* End PBXShellScriptBuildPhase section */

/* Begin PBXSourcesBuildPhase section */
		87801D7D20F5FE2500AA2AAC /* Sources */ = {
			isa = PBXSourcesBuildPhase;
			buildActionMask = 2147483647;
			files = (
				87DA5E98211722FB00545E53 /* String+Localized+Extension.swift in Sources */,
				87DA5EA7211788E500545E53 /* WelcomeViewModel.swift in Sources */,
				8787354C2181D93F0036F382 /* Font.swift in Sources */,
				87801D8720F5FE2500AA2AAC /* WelcomeViewController.swift in Sources */,
				87801D8520F5FE2500AA2AAC /* AppDelegate.swift in Sources */,
				87BE8077211E5A08000B3163 /* UIViewController+Extension.swift in Sources */,
				87BE807D211E628B000B3163 /* UIStackView+Extension.swift in Sources */,
				87DA5E96211722B800545E53 /* AlertView.swift in Sources */,
				873C961720F982F2000B0F7C /* Layout.swift in Sources */,
				878735512181EF3A0036F382 /* UpdateProfileViewModel.swift in Sources */,
				87BE806E211E3678000B3163 /* Fonts.swift in Sources */,
				87DA5E9E2117678E00545E53 /* String+AccesID+Extension.swift in Sources */,
				87BE8082211E68CB000B3163 /* Firebase.swift in Sources */,
				873C961420F9775C000B0F7C /* UIView+extension.swift in Sources */,
				87DA5EAA21179C6800545E53 /* HomeViewModel.swift in Sources */,
				87BE8068211E319F000B3163 /* UIColor+Extension.swift in Sources */,
				87801DB720F6433A00AA2AAC /* Subviewable.swift in Sources */,
				87DA5EA021176AA200545E53 /* String+Extension.swift in Sources */,
				8787354F2181EE080036F382 /* UpdateProfileViewController.swift in Sources */,
				873C961920F99E8E000B0F7C /* HomeViewController.swift in Sources */,
				87DA5EA221176B0C00545E53 /* Regex.swift in Sources */,
				87BE8066211E30B7000B3163 /* Palette.swift in Sources */,
				87BE807F211E63B9000B3163 /* User.swift in Sources */,
			);
			runOnlyForDeploymentPostprocessing = 0;
		};
		87801D9120F5FE2700AA2AAC /* Sources */ = {
			isa = PBXSourcesBuildPhase;
			buildActionMask = 2147483647;
			files = (
				87801D9A20F5FE2700AA2AAC /* SplitterMLTests.swift in Sources */,
			);
			runOnlyForDeploymentPostprocessing = 0;
		};
		87801D9C20F5FE2700AA2AAC /* Sources */ = {
			isa = PBXSourcesBuildPhase;
			buildActionMask = 2147483647;
			files = (
				87801DA520F5FE2700AA2AAC /* SplitterMLUITests.swift in Sources */,
				87DA5EA421177B9F00545E53 /* String+AccesID+Extension.swift in Sources */,
			);
			runOnlyForDeploymentPostprocessing = 0;
		};
/* End PBXSourcesBuildPhase section */

/* Begin PBXTargetDependency section */
		87801D9720F5FE2700AA2AAC /* PBXTargetDependency */ = {
			isa = PBXTargetDependency;
			target = 87801D8020F5FE2500AA2AAC /* splitterML */;
			targetProxy = 87801D9620F5FE2700AA2AAC /* PBXContainerItemProxy */;
		};
		87801DA220F5FE2700AA2AAC /* PBXTargetDependency */ = {
			isa = PBXTargetDependency;
			target = 87801D8020F5FE2500AA2AAC /* splitterML */;
			targetProxy = 87801DA120F5FE2700AA2AAC /* PBXContainerItemProxy */;
		};
/* End PBXTargetDependency section */

/* Begin PBXVariantGroup section */
		87801D8D20F5FE2700AA2AAC /* LaunchScreen.storyboard */ = {
			isa = PBXVariantGroup;
			children = (
				87801D8E20F5FE2700AA2AAC /* Base */,
			);
			name = LaunchScreen.storyboard;
			sourceTree = "<group>";
		};
		87DA5E992117243A00545E53 /* Localizable.strings */ = {
			isa = PBXVariantGroup;
			children = (
				87DA5E9A2117243A00545E53 /* Base */,
				87DA5E9C2117245200545E53 /* en */,
			);
			name = Localizable.strings;
			sourceTree = "<group>";
		};
/* End PBXVariantGroup section */

/* Begin XCBuildConfiguration section */
		87801DA720F5FE2700AA2AAC /* Debug */ = {
			isa = XCBuildConfiguration;
			buildSettings = {
				ALWAYS_SEARCH_USER_PATHS = NO;
				CLANG_ANALYZER_NONNULL = YES;
				CLANG_ANALYZER_NUMBER_OBJECT_CONVERSION = YES_AGGRESSIVE;
				CLANG_CXX_LANGUAGE_STANDARD = "gnu++14";
				CLANG_CXX_LIBRARY = "libc++";
				CLANG_ENABLE_MODULES = YES;
				CLANG_ENABLE_OBJC_ARC = YES;
				CLANG_ENABLE_OBJC_WEAK = YES;
				CLANG_WARN_BLOCK_CAPTURE_AUTORELEASING = YES;
				CLANG_WARN_BOOL_CONVERSION = YES;
				CLANG_WARN_COMMA = YES;
				CLANG_WARN_CONSTANT_CONVERSION = YES;
				CLANG_WARN_DEPRECATED_OBJC_IMPLEMENTATIONS = YES;
				CLANG_WARN_DIRECT_OBJC_ISA_USAGE = YES_ERROR;
				CLANG_WARN_DOCUMENTATION_COMMENTS = YES;
				CLANG_WARN_EMPTY_BODY = YES;
				CLANG_WARN_ENUM_CONVERSION = YES;
				CLANG_WARN_INFINITE_RECURSION = YES;
				CLANG_WARN_INT_CONVERSION = YES;
				CLANG_WARN_NON_LITERAL_NULL_CONVERSION = YES;
				CLANG_WARN_OBJC_IMPLICIT_RETAIN_SELF = YES;
				CLANG_WARN_OBJC_LITERAL_CONVERSION = YES;
				CLANG_WARN_OBJC_ROOT_CLASS = YES_ERROR;
				CLANG_WARN_RANGE_LOOP_ANALYSIS = YES;
				CLANG_WARN_STRICT_PROTOTYPES = YES;
				CLANG_WARN_SUSPICIOUS_MOVE = YES;
				CLANG_WARN_UNGUARDED_AVAILABILITY = YES_AGGRESSIVE;
				CLANG_WARN_UNREACHABLE_CODE = YES;
				CLANG_WARN__DUPLICATE_METHOD_MATCH = YES;
				CODE_SIGN_IDENTITY = "iPhone Developer";
				COPY_PHASE_STRIP = NO;
				DEBUG_INFORMATION_FORMAT = dwarf;
				ENABLE_STRICT_OBJC_MSGSEND = YES;
				ENABLE_TESTABILITY = YES;
				GCC_C_LANGUAGE_STANDARD = gnu11;
				GCC_DYNAMIC_NO_PIC = NO;
				GCC_NO_COMMON_BLOCKS = YES;
				GCC_OPTIMIZATION_LEVEL = 0;
				GCC_PREPROCESSOR_DEFINITIONS = (
					"DEBUG=1",
					"$(inherited)",
				);
				GCC_WARN_64_TO_32_BIT_CONVERSION = YES;
				GCC_WARN_ABOUT_RETURN_TYPE = YES_ERROR;
				GCC_WARN_UNDECLARED_SELECTOR = YES;
				GCC_WARN_UNINITIALIZED_AUTOS = YES_AGGRESSIVE;
				GCC_WARN_UNUSED_FUNCTION = YES;
				GCC_WARN_UNUSED_VARIABLE = YES;
				IPHONEOS_DEPLOYMENT_TARGET = 10.0;
				MTL_ENABLE_DEBUG_INFO = YES;
				ONLY_ACTIVE_ARCH = YES;
				SDKROOT = iphoneos;
				SWIFT_ACTIVE_COMPILATION_CONDITIONS = DEBUG;
				SWIFT_OPTIMIZATION_LEVEL = "-Onone";
			};
			name = Debug;
		};
		87801DA820F5FE2700AA2AAC /* Release */ = {
			isa = XCBuildConfiguration;
			buildSettings = {
				ALWAYS_SEARCH_USER_PATHS = NO;
				CLANG_ANALYZER_NONNULL = YES;
				CLANG_ANALYZER_NUMBER_OBJECT_CONVERSION = YES_AGGRESSIVE;
				CLANG_CXX_LANGUAGE_STANDARD = "gnu++14";
				CLANG_CXX_LIBRARY = "libc++";
				CLANG_ENABLE_MODULES = YES;
				CLANG_ENABLE_OBJC_ARC = YES;
				CLANG_ENABLE_OBJC_WEAK = YES;
				CLANG_WARN_BLOCK_CAPTURE_AUTORELEASING = YES;
				CLANG_WARN_BOOL_CONVERSION = YES;
				CLANG_WARN_COMMA = YES;
				CLANG_WARN_CONSTANT_CONVERSION = YES;
				CLANG_WARN_DEPRECATED_OBJC_IMPLEMENTATIONS = YES;
				CLANG_WARN_DIRECT_OBJC_ISA_USAGE = YES_ERROR;
				CLANG_WARN_DOCUMENTATION_COMMENTS = YES;
				CLANG_WARN_EMPTY_BODY = YES;
				CLANG_WARN_ENUM_CONVERSION = YES;
				CLANG_WARN_INFINITE_RECURSION = YES;
				CLANG_WARN_INT_CONVERSION = YES;
				CLANG_WARN_NON_LITERAL_NULL_CONVERSION = YES;
				CLANG_WARN_OBJC_IMPLICIT_RETAIN_SELF = YES;
				CLANG_WARN_OBJC_LITERAL_CONVERSION = YES;
				CLANG_WARN_OBJC_ROOT_CLASS = YES_ERROR;
				CLANG_WARN_RANGE_LOOP_ANALYSIS = YES;
				CLANG_WARN_STRICT_PROTOTYPES = YES;
				CLANG_WARN_SUSPICIOUS_MOVE = YES;
				CLANG_WARN_UNGUARDED_AVAILABILITY = YES_AGGRESSIVE;
				CLANG_WARN_UNREACHABLE_CODE = YES;
				CLANG_WARN__DUPLICATE_METHOD_MATCH = YES;
				CODE_SIGN_IDENTITY = "iPhone Developer";
				COPY_PHASE_STRIP = NO;
				DEBUG_INFORMATION_FORMAT = "dwarf-with-dsym";
				ENABLE_NS_ASSERTIONS = NO;
				ENABLE_STRICT_OBJC_MSGSEND = YES;
				GCC_C_LANGUAGE_STANDARD = gnu11;
				GCC_NO_COMMON_BLOCKS = YES;
				GCC_WARN_64_TO_32_BIT_CONVERSION = YES;
				GCC_WARN_ABOUT_RETURN_TYPE = YES_ERROR;
				GCC_WARN_UNDECLARED_SELECTOR = YES;
				GCC_WARN_UNINITIALIZED_AUTOS = YES_AGGRESSIVE;
				GCC_WARN_UNUSED_FUNCTION = YES;
				GCC_WARN_UNUSED_VARIABLE = YES;
				IPHONEOS_DEPLOYMENT_TARGET = 10.0;
				MTL_ENABLE_DEBUG_INFO = NO;
				SDKROOT = iphoneos;
				SWIFT_COMPILATION_MODE = wholemodule;
				SWIFT_OPTIMIZATION_LEVEL = "-O";
				VALIDATE_PRODUCT = YES;
			};
			name = Release;
		};
		87801DAA20F5FE2700AA2AAC /* Debug */ = {
			isa = XCBuildConfiguration;
			baseConfigurationReference = DEFD02737A60DA297CAD1082 /* Pods-splitterML.debug.xcconfig */;
			buildSettings = {
				ASSETCATALOG_COMPILER_APPICON_NAME = AppIcon;
				CODE_SIGN_STYLE = Automatic;
				DEVELOPMENT_TEAM = WJMTPNAAQV;
				GCC_NO_COMMON_BLOCKS = YES;
				INFOPLIST_FILE = splitterML/SupportingFiles/Info.plist;
				LD_RUNPATH_SEARCH_PATHS = (
					"$(inherited)",
					"@executable_path/Frameworks",
				);
				PRODUCT_BUNDLE_IDENTIFIER = com.rumblewayne.splitterML;
				PRODUCT_NAME = "$(TARGET_NAME)";
				SWIFT_VERSION = 4.0;
				TARGETED_DEVICE_FAMILY = "1,2";
			};
			name = Debug;
		};
		87801DAB20F5FE2700AA2AAC /* Release */ = {
			isa = XCBuildConfiguration;
			baseConfigurationReference = ED44ECA4574CF9D794B52B9E /* Pods-splitterML.release.xcconfig */;
			buildSettings = {
				ASSETCATALOG_COMPILER_APPICON_NAME = AppIcon;
				CODE_SIGN_STYLE = Automatic;
				DEVELOPMENT_TEAM = WJMTPNAAQV;
				GCC_NO_COMMON_BLOCKS = YES;
				INFOPLIST_FILE = splitterML/SupportingFiles/Info.plist;
				LD_RUNPATH_SEARCH_PATHS = (
					"$(inherited)",
					"@executable_path/Frameworks",
				);
				PRODUCT_BUNDLE_IDENTIFIER = com.rumblewayne.splitterML;
				PRODUCT_NAME = "$(TARGET_NAME)";
				SWIFT_VERSION = 4.0;
				TARGETED_DEVICE_FAMILY = "1,2";
			};
			name = Release;
		};
		87801DAD20F5FE2700AA2AAC /* Debug */ = {
			isa = XCBuildConfiguration;
			baseConfigurationReference = FB1EF98B63951A6381C68B1B /* Pods-SplitterMLTests.debug.xcconfig */;
			buildSettings = {
				ALWAYS_EMBED_SWIFT_STANDARD_LIBRARIES = YES;
				BUNDLE_LOADER = "$(TEST_HOST)";
				CODE_SIGN_STYLE = Automatic;
				DEVELOPMENT_TEAM = WJMTPNAAQV;
				INFOPLIST_FILE = splitterMLTests/Info.plist;
				LD_RUNPATH_SEARCH_PATHS = (
					"$(inherited)",
					"@executable_path/Frameworks",
					"@loader_path/Frameworks",
				);
				PRODUCT_BUNDLE_IDENTIFIER = com.rumblewayne.splitterMLTests;
				PRODUCT_NAME = "$(TARGET_NAME)";
				SWIFT_VERSION = 4.0;
				TARGETED_DEVICE_FAMILY = "1,2";
				TEST_HOST = "$(BUILT_PRODUCTS_DIR)/splitterML.app/splitterML";
			};
			name = Debug;
		};
		87801DAE20F5FE2700AA2AAC /* Release */ = {
			isa = XCBuildConfiguration;
			baseConfigurationReference = 85BF278E54AF778BAEF40602 /* Pods-SplitterMLTests.release.xcconfig */;
			buildSettings = {
				ALWAYS_EMBED_SWIFT_STANDARD_LIBRARIES = YES;
				BUNDLE_LOADER = "$(TEST_HOST)";
				CODE_SIGN_STYLE = Automatic;
				DEVELOPMENT_TEAM = WJMTPNAAQV;
				INFOPLIST_FILE = splitterMLTests/Info.plist;
				LD_RUNPATH_SEARCH_PATHS = (
					"$(inherited)",
					"@executable_path/Frameworks",
					"@loader_path/Frameworks",
				);
				PRODUCT_BUNDLE_IDENTIFIER = com.rumblewayne.splitterMLTests;
				PRODUCT_NAME = "$(TARGET_NAME)";
				SWIFT_VERSION = 4.0;
				TARGETED_DEVICE_FAMILY = "1,2";
				TEST_HOST = "$(BUILT_PRODUCTS_DIR)/splitterML.app/splitterML";
			};
			name = Release;
		};
		87801DB020F5FE2700AA2AAC /* Debug */ = {
			isa = XCBuildConfiguration;
			baseConfigurationReference = 7E1D9CF11FCEB33903E3E6DB /* Pods-SplitterMLUITests.debug.xcconfig */;
			buildSettings = {
				ALWAYS_EMBED_SWIFT_STANDARD_LIBRARIES = YES;
				CODE_SIGN_STYLE = Automatic;
				DEVELOPMENT_TEAM = WJMTPNAAQV;
				INFOPLIST_FILE = splitterMLUITests/Info.plist;
				LD_RUNPATH_SEARCH_PATHS = (
					"$(inherited)",
					"@executable_path/Frameworks",
					"@loader_path/Frameworks",
				);
				OTHER_LDFLAGS = "$(inherited)";
				PRODUCT_BUNDLE_IDENTIFIER = com.rumblewayne.splitterMLUITests;
				PRODUCT_NAME = "$(TARGET_NAME)";
				SWIFT_VERSION = 4.0;
				TARGETED_DEVICE_FAMILY = "1,2";
				TEST_TARGET_NAME = splitterML;
			};
			name = Debug;
		};
		87801DB120F5FE2700AA2AAC /* Release */ = {
			isa = XCBuildConfiguration;
			baseConfigurationReference = 7AA825D9A670F933D9A03B14 /* Pods-SplitterMLUITests.release.xcconfig */;
			buildSettings = {
				ALWAYS_EMBED_SWIFT_STANDARD_LIBRARIES = YES;
				CODE_SIGN_STYLE = Automatic;
				DEVELOPMENT_TEAM = WJMTPNAAQV;
				INFOPLIST_FILE = splitterMLUITests/Info.plist;
				LD_RUNPATH_SEARCH_PATHS = (
					"$(inherited)",
					"@executable_path/Frameworks",
					"@loader_path/Frameworks",
				);
				OTHER_LDFLAGS = "$(inherited)";
				PRODUCT_BUNDLE_IDENTIFIER = com.rumblewayne.splitterMLUITests;
				PRODUCT_NAME = "$(TARGET_NAME)";
				SWIFT_VERSION = 4.0;
				TARGETED_DEVICE_FAMILY = "1,2";
				TEST_TARGET_NAME = splitterML;
			};
			name = Release;
		};
/* End XCBuildConfiguration section */

/* Begin XCConfigurationList section */
		87801D7C20F5FE2500AA2AAC /* Build configuration list for PBXProject "splitterML" */ = {
			isa = XCConfigurationList;
			buildConfigurations = (
				87801DA720F5FE2700AA2AAC /* Debug */,
				87801DA820F5FE2700AA2AAC /* Release */,
			);
			defaultConfigurationIsVisible = 0;
			defaultConfigurationName = Release;
		};
		87801DA920F5FE2700AA2AAC /* Build configuration list for PBXNativeTarget "splitterML" */ = {
			isa = XCConfigurationList;
			buildConfigurations = (
				87801DAA20F5FE2700AA2AAC /* Debug */,
				87801DAB20F5FE2700AA2AAC /* Release */,
			);
			defaultConfigurationIsVisible = 0;
			defaultConfigurationName = Release;
		};
		87801DAC20F5FE2700AA2AAC /* Build configuration list for PBXNativeTarget "SplitterMLTests" */ = {
			isa = XCConfigurationList;
			buildConfigurations = (
				87801DAD20F5FE2700AA2AAC /* Debug */,
				87801DAE20F5FE2700AA2AAC /* Release */,
			);
			defaultConfigurationIsVisible = 0;
			defaultConfigurationName = Release;
		};
		87801DAF20F5FE2700AA2AAC /* Build configuration list for PBXNativeTarget "SplitterMLUITests" */ = {
			isa = XCConfigurationList;
			buildConfigurations = (
				87801DB020F5FE2700AA2AAC /* Debug */,
				87801DB120F5FE2700AA2AAC /* Release */,
			);
			defaultConfigurationIsVisible = 0;
			defaultConfigurationName = Release;
		};
/* End XCConfigurationList section */
	};
	rootObject = 87801D7920F5FE2500AA2AAC /* Project object */;
}
